// !$*UTF8*$!
{
	archiveVersion = 1;
	classes = {
	};
	objectVersion = 46;
	objects = {

/* Begin PBXBuildFile section */
		3C1EF89B13FDA83900B0F2E3 /* OptimizedTree.m in Sources */ = {isa = PBXBuildFile; fileRef = 3C1EF89A13FDA83900B0F2E3 /* OptimizedTree.m */; };
		3C69616C13FAC12600540465 /* UIKit.framework in Frameworks */ = {isa = PBXBuildFile; fileRef = 3C69616B13FAC12600540465 /* UIKit.framework */; };
		3C69616E13FAC12600540465 /* Foundation.framework in Frameworks */ = {isa = PBXBuildFile; fileRef = 3C69616D13FAC12600540465 /* Foundation.framework */; };
		3C69617413FAC12600540465 /* InfoPlist.strings in Resources */ = {isa = PBXBuildFile; fileRef = 3C69617213FAC12600540465 /* InfoPlist.strings */; };
		3C69617613FAC12600540465 /* main.m in Sources */ = {isa = PBXBuildFile; fileRef = 3C69617513FAC12600540465 /* main.m */; };
		3C69617A13FAC12600540465 /* EEAppDelegate.m in Sources */ = {isa = PBXBuildFile; fileRef = 3C69617913FAC12600540465 /* EEAppDelegate.m */; };
		3C69618213FAC73200540465 /* GLKit.framework in Frameworks */ = {isa = PBXBuildFile; fileRef = 3C69618013FAC73200540465 /* GLKit.framework */; };
		3C69618313FAC73200540465 /* OpenGLES.framework in Frameworks */ = {isa = PBXBuildFile; fileRef = 3C69618113FAC73200540465 /* OpenGLES.framework */; };
		3C69618513FAC73700540465 /* QuartzCore.framework in Frameworks */ = {isa = PBXBuildFile; fileRef = 3C69618413FAC73700540465 /* QuartzCore.framework */; };
		3C69618913FAE0D000540465 /* EEScene.m in Sources */ = {isa = PBXBuildFile; fileRef = 3C69618813FAE0D000540465 /* EEScene.m */; };
		3C69619C13FB06EC00540465 /* EESceneController.m in Sources */ = {isa = PBXBuildFile; fileRef = 3C69619B13FB06EC00540465 /* EESceneController.m */; };
		3C7657C213FC19D200D71342 /* EEShape.m in Sources */ = {isa = PBXBuildFile; fileRef = 3C7657C113FC19D200D71342 /* EEShape.m */; };
		3C7657C913FC220D00D71342 /* EETriangle.m in Sources */ = {isa = PBXBuildFile; fileRef = 3C7657C813FC220D00D71342 /* EETriangle.m */; };
		3C7657CD13FC26B500D71342 /* TriangleScene.m in Sources */ = {isa = PBXBuildFile; fileRef = 3C7657CC13FC26B500D71342 /* TriangleScene.m */; };
		3C7657D013FC352600D71342 /* EERectangle.m in Sources */ = {isa = PBXBuildFile; fileRef = 3C7657CF13FC352600D71342 /* EERectangle.m */; };
		3C7657D613FC38D900D71342 /* RectangleScene.m in Sources */ = {isa = PBXBuildFile; fileRef = 3C7657D513FC38D900D71342 /* RectangleScene.m */; };
		3C7657D913FC480D00D71342 /* EEEllipse.m in Sources */ = {isa = PBXBuildFile; fileRef = 3C7657D813FC480D00D71342 /* EEEllipse.m */; };
		3C7657DC13FC48B900D71342 /* EllipseScene.m in Sources */ = {isa = PBXBuildFile; fileRef = 3C7657DB13FC48B900D71342 /* EllipseScene.m */; };
		3C7657DF13FC4DEA00D71342 /* EERegularPolygon.m in Sources */ = {isa = PBXBuildFile; fileRef = 3C7657DE13FC4DEA00D71342 /* EERegularPolygon.m */; };
		3C7657E213FC4EB000D71342 /* HexagonScene.m in Sources */ = {isa = PBXBuildFile; fileRef = 3C7657E113FC4EB000D71342 /* HexagonScene.m */; };
		3C953B7013FD5A01007803E4 /* landscape.jpg in Resources */ = {isa = PBXBuildFile; fileRef = 3C953B6F13FD5A01007803E4 /* landscape.jpg */; };
		3C953B7713FD6076007803E4 /* LandscapeScene.m in Sources */ = {isa = PBXBuildFile; fileRef = 3C953B7613FD6076007803E4 /* LandscapeScene.m */; };
		3C953B7A13FD6C25007803E4 /* BeachBallScene.m in Sources */ = {isa = PBXBuildFile; fileRef = 3C953B7913FD6C24007803E4 /* BeachBallScene.m */; };
		3C953B7C13FD6C52007803E4 /* ball.jpg in Resources */ = {isa = PBXBuildFile; fileRef = 3C953B7B13FD6C52007803E4 /* ball.jpg */; };
		3C953B7F13FD6E1D007803E4 /* SierpinskyTriangleScene.m in Sources */ = {isa = PBXBuildFile; fileRef = 3C953B7E13FD6E1C007803E4 /* SierpinskyTriangleScene.m */; };
		3C953B8313FD6EF1007803E4 /* sierpinksy.jpg in Resources */ = {isa = PBXBuildFile; fileRef = 3C953B8213FD6EF1007803E4 /* sierpinksy.jpg */; };
		3C953B8613FD7145007803E4 /* EESprite.m in Sources */ = {isa = PBXBuildFile; fileRef = 3C953B8513FD7144007803E4 /* EESprite.m */; };
		3C953B8913FD7319007803E4 /* SpriteScene.m in Sources */ = {isa = PBXBuildFile; fileRef = 3C953B8813FD7318007803E4 /* SpriteScene.m */; };
		3C953B8D13FD775D007803E4 /* boy-sprite.png in Resources */ = {isa = PBXBuildFile; fileRef = 3C953B8C13FD775D007803E4 /* boy-sprite.png */; };
		3CB9A2AD13FD8D09009288FA /* TreeScene.m in Sources */ = {isa = PBXBuildFile; fileRef = 3CB9A2AC13FD8D09009288FA /* TreeScene.m */; };
		3CB9A2B113FDA08A009288FA /* Tree.m in Sources */ = {isa = PBXBuildFile; fileRef = 3CB9A2B013FDA08A009288FA /* Tree.m */; };
		3CB9A2B413FDA0DC009288FA /* ForestScene.m in Sources */ = {isa = PBXBuildFile; fileRef = 3CB9A2B313FDA0DC009288FA /* ForestScene.m */; };
/* End PBXBuildFile section */

/* Begin PBXFileReference section */
		3C1EF89913FDA83900B0F2E3 /* OptimizedTree.h */ = {isa = PBXFileReference; fileEncoding = 4; lastKnownFileType = sourcecode.c.h; path = OptimizedTree.h; sourceTree = "<group>"; };
		3C1EF89A13FDA83900B0F2E3 /* OptimizedTree.m */ = {isa = PBXFileReference; fileEncoding = 4; lastKnownFileType = sourcecode.c.objc; path = OptimizedTree.m; sourceTree = "<group>"; };
		3C69616713FAC12600540465 /* ExampleEngine.app */ = {isa = PBXFileReference; explicitFileType = wrapper.application; includeInIndex = 0; path = ExampleEngine.app; sourceTree = BUILT_PRODUCTS_DIR; };
		3C69616B13FAC12600540465 /* UIKit.framework */ = {isa = PBXFileReference; lastKnownFileType = wrapper.framework; name = UIKit.framework; path = System/Library/Frameworks/UIKit.framework; sourceTree = SDKROOT; };
		3C69616D13FAC12600540465 /* Foundation.framework */ = {isa = PBXFileReference; lastKnownFileType = wrapper.framework; name = Foundation.framework; path = System/Library/Frameworks/Foundation.framework; sourceTree = SDKROOT; };
		3C69617113FAC12600540465 /* ExampleEngine-Info.plist */ = {isa = PBXFileReference; lastKnownFileType = text.plist.xml; path = "ExampleEngine-Info.plist"; sourceTree = "<group>"; };
		3C69617313FAC12600540465 /* en */ = {isa = PBXFileReference; lastKnownFileType = text.plist.strings; name = en; path = en.lproj/InfoPlist.strings; sourceTree = "<group>"; };
		3C69617513FAC12600540465 /* main.m */ = {isa = PBXFileReference; lastKnownFileType = sourcecode.c.objc; path = main.m; sourceTree = "<group>"; };
		3C69617713FAC12600540465 /* ExampleEngine-Prefix.pch */ = {isa = PBXFileReference; lastKnownFileType = sourcecode.c.h; path = "ExampleEngine-Prefix.pch"; sourceTree = "<group>"; };
		3C69617813FAC12600540465 /* EEAppDelegate.h */ = {isa = PBXFileReference; lastKnownFileType = sourcecode.c.h; path = EEAppDelegate.h; sourceTree = "<group>"; };
		3C69617913FAC12600540465 /* EEAppDelegate.m */ = {isa = PBXFileReference; lastKnownFileType = sourcecode.c.objc; path = EEAppDelegate.m; sourceTree = "<group>"; };
		3C69618013FAC73200540465 /* GLKit.framework */ = {isa = PBXFileReference; lastKnownFileType = wrapper.framework; name = GLKit.framework; path = System/Library/Frameworks/GLKit.framework; sourceTree = SDKROOT; };
		3C69618113FAC73200540465 /* OpenGLES.framework */ = {isa = PBXFileReference; lastKnownFileType = wrapper.framework; name = OpenGLES.framework; path = System/Library/Frameworks/OpenGLES.framework; sourceTree = SDKROOT; };
		3C69618413FAC73700540465 /* QuartzCore.framework */ = {isa = PBXFileReference; lastKnownFileType = wrapper.framework; name = QuartzCore.framework; path = System/Library/Frameworks/QuartzCore.framework; sourceTree = SDKROOT; };
		3C69618713FAE0D000540465 /* EEScene.h */ = {isa = PBXFileReference; fileEncoding = 4; lastKnownFileType = sourcecode.c.h; path = EEScene.h; sourceTree = "<group>"; };
		3C69618813FAE0D000540465 /* EEScene.m */ = {isa = PBXFileReference; fileEncoding = 4; lastKnownFileType = sourcecode.c.objc; path = EEScene.m; sourceTree = "<group>"; };
		3C69619A13FB06EC00540465 /* EESceneController.h */ = {isa = PBXFileReference; fileEncoding = 4; lastKnownFileType = sourcecode.c.h; path = EESceneController.h; sourceTree = "<group>"; };
		3C69619B13FB06EC00540465 /* EESceneController.m */ = {isa = PBXFileReference; fileEncoding = 4; lastKnownFileType = sourcecode.c.objc; path = EESceneController.m; sourceTree = "<group>"; };
		3C7657C013FC19D200D71342 /* EEShape.h */ = {isa = PBXFileReference; fileEncoding = 4; lastKnownFileType = sourcecode.c.h; path = EEShape.h; sourceTree = "<group>"; };
		3C7657C113FC19D200D71342 /* EEShape.m */ = {isa = PBXFileReference; fileEncoding = 4; lastKnownFileType = sourcecode.c.objc; path = EEShape.m; sourceTree = "<group>"; };
		3C7657C713FC220D00D71342 /* EETriangle.h */ = {isa = PBXFileReference; fileEncoding = 4; lastKnownFileType = sourcecode.c.h; path = EETriangle.h; sourceTree = "<group>"; };
		3C7657C813FC220D00D71342 /* EETriangle.m */ = {isa = PBXFileReference; fileEncoding = 4; lastKnownFileType = sourcecode.c.objc; path = EETriangle.m; sourceTree = "<group>"; };
		3C7657CB13FC26B500D71342 /* TriangleScene.h */ = {isa = PBXFileReference; fileEncoding = 4; lastKnownFileType = sourcecode.c.h; path = TriangleScene.h; sourceTree = "<group>"; };
		3C7657CC13FC26B500D71342 /* TriangleScene.m */ = {isa = PBXFileReference; fileEncoding = 4; lastKnownFileType = sourcecode.c.objc; path = TriangleScene.m; sourceTree = "<group>"; };
		3C7657CE13FC352600D71342 /* EERectangle.h */ = {isa = PBXFileReference; fileEncoding = 4; lastKnownFileType = sourcecode.c.h; path = EERectangle.h; sourceTree = "<group>"; };
		3C7657CF13FC352600D71342 /* EERectangle.m */ = {isa = PBXFileReference; fileEncoding = 4; lastKnownFileType = sourcecode.c.objc; path = EERectangle.m; sourceTree = "<group>"; };
		3C7657D413FC38D900D71342 /* RectangleScene.h */ = {isa = PBXFileReference; fileEncoding = 4; lastKnownFileType = sourcecode.c.h; path = RectangleScene.h; sourceTree = "<group>"; };
		3C7657D513FC38D900D71342 /* RectangleScene.m */ = {isa = PBXFileReference; fileEncoding = 4; lastKnownFileType = sourcecode.c.objc; path = RectangleScene.m; sourceTree = "<group>"; };
		3C7657D713FC480C00D71342 /* EEEllipse.h */ = {isa = PBXFileReference; fileEncoding = 4; lastKnownFileType = sourcecode.c.h; path = EEEllipse.h; sourceTree = "<group>"; };
		3C7657D813FC480D00D71342 /* EEEllipse.m */ = {isa = PBXFileReference; fileEncoding = 4; lastKnownFileType = sourcecode.c.objc; path = EEEllipse.m; sourceTree = "<group>"; };
		3C7657DA13FC48B900D71342 /* EllipseScene.h */ = {isa = PBXFileReference; fileEncoding = 4; lastKnownFileType = sourcecode.c.h; path = EllipseScene.h; sourceTree = "<group>"; };
		3C7657DB13FC48B900D71342 /* EllipseScene.m */ = {isa = PBXFileReference; fileEncoding = 4; lastKnownFileType = sourcecode.c.objc; path = EllipseScene.m; sourceTree = "<group>"; };
		3C7657DD13FC4DEA00D71342 /* EERegularPolygon.h */ = {isa = PBXFileReference; fileEncoding = 4; lastKnownFileType = sourcecode.c.h; path = EERegularPolygon.h; sourceTree = "<group>"; };
		3C7657DE13FC4DEA00D71342 /* EERegularPolygon.m */ = {isa = PBXFileReference; fileEncoding = 4; lastKnownFileType = sourcecode.c.objc; path = EERegularPolygon.m; sourceTree = "<group>"; };
		3C7657E013FC4EB000D71342 /* HexagonScene.h */ = {isa = PBXFileReference; fileEncoding = 4; lastKnownFileType = sourcecode.c.h; path = HexagonScene.h; sourceTree = "<group>"; };
		3C7657E113FC4EB000D71342 /* HexagonScene.m */ = {isa = PBXFileReference; fileEncoding = 4; lastKnownFileType = sourcecode.c.objc; path = HexagonScene.m; sourceTree = "<group>"; };
		3C953B6F13FD5A01007803E4 /* landscape.jpg */ = {isa = PBXFileReference; lastKnownFileType = image.jpeg; path = landscape.jpg; sourceTree = "<group>"; };
		3C953B7513FD6076007803E4 /* LandscapeScene.h */ = {isa = PBXFileReference; fileEncoding = 4; lastKnownFileType = sourcecode.c.h; path = LandscapeScene.h; sourceTree = "<group>"; };
		3C953B7613FD6076007803E4 /* LandscapeScene.m */ = {isa = PBXFileReference; fileEncoding = 4; lastKnownFileType = sourcecode.c.objc; path = LandscapeScene.m; sourceTree = "<group>"; };
		3C953B7813FD6C24007803E4 /* BeachBallScene.h */ = {isa = PBXFileReference; fileEncoding = 4; lastKnownFileType = sourcecode.c.h; path = BeachBallScene.h; sourceTree = "<group>"; };
		3C953B7913FD6C24007803E4 /* BeachBallScene.m */ = {isa = PBXFileReference; fileEncoding = 4; lastKnownFileType = sourcecode.c.objc; path = BeachBallScene.m; sourceTree = "<group>"; };
		3C953B7B13FD6C52007803E4 /* ball.jpg */ = {isa = PBXFileReference; lastKnownFileType = image.jpeg; path = ball.jpg; sourceTree = "<group>"; };
		3C953B7D13FD6E1C007803E4 /* SierpinskyTriangleScene.h */ = {isa = PBXFileReference; fileEncoding = 4; lastKnownFileType = sourcecode.c.h; path = SierpinskyTriangleScene.h; sourceTree = "<group>"; };
		3C953B7E13FD6E1C007803E4 /* SierpinskyTriangleScene.m */ = {isa = PBXFileReference; fileEncoding = 4; lastKnownFileType = sourcecode.c.objc; path = SierpinskyTriangleScene.m; sourceTree = "<group>"; };
		3C953B8213FD6EF1007803E4 /* sierpinksy.jpg */ = {isa = PBXFileReference; lastKnownFileType = image.jpeg; path = sierpinksy.jpg; sourceTree = "<group>"; };
		3C953B8413FD7144007803E4 /* EESprite.h */ = {isa = PBXFileReference; fileEncoding = 4; lastKnownFileType = sourcecode.c.h; path = EESprite.h; sourceTree = "<group>"; };
		3C953B8513FD7144007803E4 /* EESprite.m */ = {isa = PBXFileReference; fileEncoding = 4; lastKnownFileType = sourcecode.c.objc; path = EESprite.m; sourceTree = "<group>"; };
		3C953B8713FD7317007803E4 /* SpriteScene.h */ = {isa = PBXFileReference; fileEncoding = 4; lastKnownFileType = sourcecode.c.h; path = SpriteScene.h; sourceTree = "<group>"; };
		3C953B8813FD7318007803E4 /* SpriteScene.m */ = {isa = PBXFileReference; fileEncoding = 4; lastKnownFileType = sourcecode.c.objc; path = SpriteScene.m; sourceTree = "<group>"; };
		3C953B8C13FD775D007803E4 /* boy-sprite.png */ = {isa = PBXFileReference; lastKnownFileType = image.png; path = "boy-sprite.png"; sourceTree = "<group>"; };
		3CB9A2AB13FD8D09009288FA /* TreeScene.h */ = {isa = PBXFileReference; fileEncoding = 4; lastKnownFileType = sourcecode.c.h; path = TreeScene.h; sourceTree = "<group>"; };
		3CB9A2AC13FD8D09009288FA /* TreeScene.m */ = {isa = PBXFileReference; fileEncoding = 4; lastKnownFileType = sourcecode.c.objc; path = TreeScene.m; sourceTree = "<group>"; };
		3CB9A2AF13FDA08A009288FA /* Tree.h */ = {isa = PBXFileReference; fileEncoding = 4; lastKnownFileType = sourcecode.c.h; path = Tree.h; sourceTree = "<group>"; };
		3CB9A2B013FDA08A009288FA /* Tree.m */ = {isa = PBXFileReference; fileEncoding = 4; lastKnownFileType = sourcecode.c.objc; path = Tree.m; sourceTree = "<group>"; };
		3CB9A2B213FDA0DC009288FA /* ForestScene.h */ = {isa = PBXFileReference; fileEncoding = 4; lastKnownFileType = sourcecode.c.h; path = ForestScene.h; sourceTree = "<group>"; };
		3CB9A2B313FDA0DC009288FA /* ForestScene.m */ = {isa = PBXFileReference; fileEncoding = 4; lastKnownFileType = sourcecode.c.objc; path = ForestScene.m; sourceTree = "<group>"; };
/* End PBXFileReference section */

/* Begin PBXFrameworksBuildPhase section */
		3C69616413FAC12600540465 /* Frameworks */ = {
			isa = PBXFrameworksBuildPhase;
			buildActionMask = 2147483647;
			files = (
				3C69618513FAC73700540465 /* QuartzCore.framework in Frameworks */,
				3C69618213FAC73200540465 /* GLKit.framework in Frameworks */,
				3C69618313FAC73200540465 /* OpenGLES.framework in Frameworks */,
				3C69616C13FAC12600540465 /* UIKit.framework in Frameworks */,
				3C69616E13FAC12600540465 /* Foundation.framework in Frameworks */,
			);
			runOnlyForDeploymentPostprocessing = 0;
		};
/* End PBXFrameworksBuildPhase section */

/* Begin PBXGroup section */
		3C69615C13FAC12600540465 = {
			isa = PBXGroup;
			children = (
				3C69616F13FAC12600540465 /* ExampleEngine */,
				3C69616A13FAC12600540465 /* Frameworks */,
				3C69616813FAC12600540465 /* Products */,
			);
			sourceTree = "<group>";
			wrapsLines = 0;
		};
		3C69616813FAC12600540465 /* Products */ = {
			isa = PBXGroup;
			children = (
				3C69616713FAC12600540465 /* ExampleEngine.app */,
			);
			name = Products;
			sourceTree = "<group>";
		};
		3C69616A13FAC12600540465 /* Frameworks */ = {
			isa = PBXGroup;
			children = (
				3C69618413FAC73700540465 /* QuartzCore.framework */,
				3C69618013FAC73200540465 /* GLKit.framework */,
				3C69618113FAC73200540465 /* OpenGLES.framework */,
				3C69616B13FAC12600540465 /* UIKit.framework */,
				3C69616D13FAC12600540465 /* Foundation.framework */,
			);
			name = Frameworks;
			sourceTree = "<group>";
		};
		3C69616F13FAC12600540465 /* ExampleEngine */ = {
			isa = PBXGroup;
			children = (
				3C69618613FADEF800540465 /* Scenes */,
				3C7657BE13FC19C300D71342 /* Shapes */,
				3C7657CA13FC26A100D71342 /* Example Game Code */,
				3C953B6D13FD596F007803E4 /* Textures */,
				3C69617813FAC12600540465 /* EEAppDelegate.h */,
				3C69617913FAC12600540465 /* EEAppDelegate.m */,
				3C69617013FAC12600540465 /* Supporting Files */,
			);
			path = ExampleEngine;
			sourceTree = "<group>";
		};
		3C69617013FAC12600540465 /* Supporting Files */ = {
			isa = PBXGroup;
			children = (
				3C69617113FAC12600540465 /* ExampleEngine-Info.plist */,
				3C69617213FAC12600540465 /* InfoPlist.strings */,
				3C69617513FAC12600540465 /* main.m */,
				3C69617713FAC12600540465 /* ExampleEngine-Prefix.pch */,
			);
			name = "Supporting Files";
			sourceTree = "<group>";
		};
		3C69618613FADEF800540465 /* Scenes */ = {
			isa = PBXGroup;
			children = (
				3C69619A13FB06EC00540465 /* EESceneController.h */,
				3C69619B13FB06EC00540465 /* EESceneController.m */,
				3C69618713FAE0D000540465 /* EEScene.h */,
				3C69618813FAE0D000540465 /* EEScene.m */,
			);
			name = Scenes;
			sourceTree = "<group>";
		};
		3C7657BE13FC19C300D71342 /* Shapes */ = {
			isa = PBXGroup;
			children = (
				3C7657C013FC19D200D71342 /* EEShape.h */,
				3C7657C113FC19D200D71342 /* EEShape.m */,
				3C7657C713FC220D00D71342 /* EETriangle.h */,
				3C7657C813FC220D00D71342 /* EETriangle.m */,
				3C7657CE13FC352600D71342 /* EERectangle.h */,
				3C7657CF13FC352600D71342 /* EERectangle.m */,
				3C7657D713FC480C00D71342 /* EEEllipse.h */,
				3C7657D813FC480D00D71342 /* EEEllipse.m */,
				3C7657DD13FC4DEA00D71342 /* EERegularPolygon.h */,
				3C7657DE13FC4DEA00D71342 /* EERegularPolygon.m */,
				3C953B8413FD7144007803E4 /* EESprite.h */,
				3C953B8513FD7144007803E4 /* EESprite.m */,
			);
			name = Shapes;
			sourceTree = "<group>";
		};
		3C7657CA13FC26A100D71342 /* Example Game Code */ = {
			isa = PBXGroup;
			children = (
				3C7657CB13FC26B500D71342 /* TriangleScene.h */,
				3C7657CC13FC26B500D71342 /* TriangleScene.m */,
				3C7657D413FC38D900D71342 /* RectangleScene.h */,
				3C7657D513FC38D900D71342 /* RectangleScene.m */,
				3C7657DA13FC48B900D71342 /* EllipseScene.h */,
				3C7657DB13FC48B900D71342 /* EllipseScene.m */,
				3C7657E013FC4EB000D71342 /* HexagonScene.h */,
				3C7657E113FC4EB000D71342 /* HexagonScene.m */,
				3C953B7513FD6076007803E4 /* LandscapeScene.h */,
				3C953B7613FD6076007803E4 /* LandscapeScene.m */,
				3C953B7813FD6C24007803E4 /* BeachBallScene.h */,
				3C953B7913FD6C24007803E4 /* BeachBallScene.m */,
				3C953B7D13FD6E1C007803E4 /* SierpinskyTriangleScene.h */,
				3C953B7E13FD6E1C007803E4 /* SierpinskyTriangleScene.m */,
				3C953B8713FD7317007803E4 /* SpriteScene.h */,
				3C953B8813FD7318007803E4 /* SpriteScene.m */,
				3CB9A2AB13FD8D09009288FA /* TreeScene.h */,
				3CB9A2AC13FD8D09009288FA /* TreeScene.m */,
				3CB9A2AF13FDA08A009288FA /* Tree.h */,
				3CB9A2B013FDA08A009288FA /* Tree.m */,
				3CB9A2B213FDA0DC009288FA /* ForestScene.h */,
				3CB9A2B313FDA0DC009288FA /* ForestScene.m */,
				3C1EF89913FDA83900B0F2E3 /* OptimizedTree.h */,
				3C1EF89A13FDA83900B0F2E3 /* OptimizedTree.m */,
			);
			name = "Example Game Code";
			sourceTree = "<group>";
		};
		3C953B6D13FD596F007803E4 /* Textures */ = {
			isa = PBXGroup;
			children = (
				3C953B8C13FD775D007803E4 /* boy-sprite.png */,
				3C953B8213FD6EF1007803E4 /* sierpinksy.jpg */,
				3C953B7B13FD6C52007803E4 /* ball.jpg */,
				3C953B6F13FD5A01007803E4 /* landscape.jpg */,
			);
			name = Textures;
			sourceTree = "<group>";
		};
/* End PBXGroup section */

/* Begin PBXNativeTarget section */
		3C69616613FAC12600540465 /* ExampleEngine */ = {
			isa = PBXNativeTarget;
			buildConfigurationList = 3C69617D13FAC12600540465 /* Build configuration list for PBXNativeTarget "ExampleEngine" */;
			buildPhases = (
				3C69616313FAC12600540465 /* Sources */,
				3C69616413FAC12600540465 /* Frameworks */,
				3C69616513FAC12600540465 /* Resources */,
			);
			buildRules = (
			);
			dependencies = (
			);
			name = ExampleEngine;
			productName = ExampleEngine;
			productReference = 3C69616713FAC12600540465 /* ExampleEngine.app */;
			productType = "com.apple.product-type.application";
		};
/* End PBXNativeTarget section */

/* Begin PBXProject section */
		3C69615E13FAC12600540465 /* Project object */ = {
			isa = PBXProject;
			attributes = {
				LastUpgradeCheck = 0420;
				ORGANIZATIONNAME = "Ian Terrell";
			};
			buildConfigurationList = 3C69616113FAC12600540465 /* Build configuration list for PBXProject "ExampleEngine" */;
			compatibilityVersion = "Xcode 3.2";
			developmentRegion = English;
			hasScannedForEncodings = 0;
			knownRegions = (
				en,
			);
			mainGroup = 3C69615C13FAC12600540465;
			productRefGroup = 3C69616813FAC12600540465 /* Products */;
			projectDirPath = "";
			projectRoot = "";
			targets = (
				3C69616613FAC12600540465 /* ExampleEngine */,
			);
		};
/* End PBXProject section */

/* Begin PBXResourcesBuildPhase section */
		3C69616513FAC12600540465 /* Resources */ = {
			isa = PBXResourcesBuildPhase;
			buildActionMask = 2147483647;
			files = (
				3C69617413FAC12600540465 /* InfoPlist.strings in Resources */,
				3C953B7013FD5A01007803E4 /* landscape.jpg in Resources */,
				3C953B7C13FD6C52007803E4 /* ball.jpg in Resources */,
				3C953B8313FD6EF1007803E4 /* sierpinksy.jpg in Resources */,
				3C953B8D13FD775D007803E4 /* boy-sprite.png in Resources */,
			);
			runOnlyForDeploymentPostprocessing = 0;
		};
/* End PBXResourcesBuildPhase section */

/* Begin PBXSourcesBuildPhase section */
		3C69616313FAC12600540465 /* Sources */ = {
			isa = PBXSourcesBuildPhase;
			buildActionMask = 2147483647;
			files = (
				3C69617613FAC12600540465 /* main.m in Sources */,
				3C69617A13FAC12600540465 /* EEAppDelegate.m in Sources */,
				3C69618913FAE0D000540465 /* EEScene.m in Sources */,
				3C69619C13FB06EC00540465 /* EESceneController.m in Sources */,
				3C7657C213FC19D200D71342 /* EEShape.m in Sources */,
				3C7657C913FC220D00D71342 /* EETriangle.m in Sources */,
				3C7657CD13FC26B500D71342 /* TriangleScene.m in Sources */,
				3C7657D013FC352600D71342 /* EERectangle.m in Sources */,
				3C7657D613FC38D900D71342 /* RectangleScene.m in Sources */,
				3C7657D913FC480D00D71342 /* EEEllipse.m in Sources */,
				3C7657DC13FC48B900D71342 /* EllipseScene.m in Sources */,
				3C7657DF13FC4DEA00D71342 /* EERegularPolygon.m in Sources */,
				3C7657E213FC4EB000D71342 /* HexagonScene.m in Sources */,
				3C953B7713FD6076007803E4 /* LandscapeScene.m in Sources */,
				3C953B7A13FD6C25007803E4 /* BeachBallScene.m in Sources */,
				3C953B7F13FD6E1D007803E4 /* SierpinskyTriangleScene.m in Sources */,
				3C953B8613FD7145007803E4 /* EESprite.m in Sources */,
				3C953B8913FD7319007803E4 /* SpriteScene.m in Sources */,
				3CB9A2AD13FD8D09009288FA /* TreeScene.m in Sources */,
				3CB9A2B113FDA08A009288FA /* Tree.m in Sources */,
				3CB9A2B413FDA0DC009288FA /* ForestScene.m in Sources */,
				3C1EF89B13FDA83900B0F2E3 /* OptimizedTree.m in Sources */,
			);
			runOnlyForDeploymentPostprocessing = 0;
		};
/* End PBXSourcesBuildPhase section */

/* Begin PBXVariantGroup section */
		3C69617213FAC12600540465 /* InfoPlist.strings */ = {
			isa = PBXVariantGroup;
			children = (
				3C69617313FAC12600540465 /* en */,
			);
			name = InfoPlist.strings;
			sourceTree = "<group>";
		};
/* End PBXVariantGroup section */

/* Begin XCBuildConfiguration section */
		3C69617B13FAC12600540465 /* Debug */ = {
			isa = XCBuildConfiguration;
			buildSettings = {
				ALWAYS_SEARCH_USER_PATHS = NO;
				ARCHS = "$(ARCHS_STANDARD_32_BIT)";
				CLANG_ENABLE_OBJC_ARC = YES;
				"CODE_SIGN_IDENTITY[sdk=iphoneos*]" = "iPhone Developer";
				COPY_PHASE_STRIP = NO;
				GCC_C_LANGUAGE_STANDARD = gnu99;
				GCC_DYNAMIC_NO_PIC = NO;
				GCC_OPTIMIZATION_LEVEL = 0;
				GCC_PREPROCESSOR_DEFINITIONS = (
					"DEBUG=1",
					"$(inherited)",
				);
				GCC_SYMBOLS_PRIVATE_EXTERN = NO;
				GCC_VERSION = com.apple.compilers.llvm.clang.1_0;
				GCC_WARN_ABOUT_MISSING_PROTOTYPES = YES;
				GCC_WARN_ABOUT_RETURN_TYPE = YES;
				GCC_WARN_UNUSED_VARIABLE = YES;
				IPHONEOS_DEPLOYMENT_TARGET = 5.0;
				SDKROOT = iphoneos;
				TARGETED_DEVICE_FAMILY = "1,2";
			};
			name = Debug;
		};
		3C69617C13FAC12600540465 /* Release */ = {
			isa = XCBuildConfiguration;
			buildSettings = {
				ALWAYS_SEARCH_USER_PATHS = NO;
				ARCHS = "$(ARCHS_STANDARD_32_BIT)";
				CLANG_ENABLE_OBJC_ARC = YES;
				"CODE_SIGN_IDENTITY[sdk=iphoneos*]" = "iPhone Developer";
				COPY_PHASE_STRIP = YES;
				GCC_C_LANGUAGE_STANDARD = gnu99;
				GCC_VERSION = com.apple.compilers.llvm.clang.1_0;
				GCC_WARN_ABOUT_MISSING_PROTOTYPES = YES;
				GCC_WARN_ABOUT_RETURN_TYPE = YES;
				GCC_WARN_UNUSED_VARIABLE = YES;
				IPHONEOS_DEPLOYMENT_TARGET = 5.0;
				OTHER_CFLAGS = "-DNS_BLOCK_ASSERTIONS=1";
				SDKROOT = iphoneos;
				TARGETED_DEVICE_FAMILY = "1,2";
				VALIDATE_PRODUCT = YES;
			};
			name = Release;
		};
		3C69617E13FAC12600540465 /* Debug */ = {
			isa = XCBuildConfiguration;
			buildSettings = {
				GCC_PRECOMPILE_PREFIX_HEADER = YES;
				GCC_PREFIX_HEADER = "ExampleEngine/ExampleEngine-Prefix.pch";
				INFOPLIST_FILE = "ExampleEngine/ExampleEngine-Info.plist";
				PRODUCT_NAME = "$(TARGET_NAME)";
				WRAPPER_EXTENSION = app;
			};
			name = Debug;
		};
		3C69617F13FAC12600540465 /* Release */ = {
			isa = XCBuildConfiguration;
			buildSettings = {
				GCC_PRECOMPILE_PREFIX_HEADER = YES;
				GCC_PREFIX_HEADER = "ExampleEngine/ExampleEngine-Prefix.pch";
				INFOPLIST_FILE = "ExampleEngine/ExampleEngine-Info.plist";
				PRODUCT_NAME = "$(TARGET_NAME)";
				WRAPPER_EXTENSION = app;
			};
			name = Release;
		};
/* End XCBuildConfiguration section */

/* Begin XCConfigurationList section */
		3C69616113FAC12600540465 /* Build configuration list for PBXProject "ExampleEngine" */ = {
			isa = XCConfigurationList;
			buildConfigurations = (
				3C69617B13FAC12600540465 /* Debug */,
				3C69617C13FAC12600540465 /* Release */,
			);
			defaultConfigurationIsVisible = 0;
			defaultConfigurationName = Release;
		};
		3C69617D13FAC12600540465 /* Build configuration list for PBXNativeTarget "ExampleEngine" */ = {
			isa = XCConfigurationList;
			buildConfigurations = (
				3C69617E13FAC12600540465 /* Debug */,
				3C69617F13FAC12600540465 /* Release */,
			);
			defaultConfigurationIsVisible = 0;
			defaultConfigurationName = Release;
		};
/* End XCConfigurationList section */
	};
	rootObject = 3C69615E13FAC12600540465 /* Project object */;
}
